// !$*UTF8*$!
{
	archiveVersion = 1;
	classes = {
	};
	objectVersion = 50;
	objects = {

/* Begin PBXBuildFile section */
		8608738C2110E73B004BDDBE /* AppDelegate.swift in Sources */ = {isa = PBXBuildFile; fileRef = 8608738B2110E73B004BDDBE /* AppDelegate.swift */; };
		860873912110E73B004BDDBE /* Main.storyboard in Resources */ = {isa = PBXBuildFile; fileRef = 8608738F2110E73B004BDDBE /* Main.storyboard */; };
		860873942110E73B004BDDBE /* todoey1.xcdatamodeld in Sources */ = {isa = PBXBuildFile; fileRef = 860873922110E73B004BDDBE /* todoey1.xcdatamodeld */; };
		860873962110E73C004BDDBE /* Assets.xcassets in Resources */ = {isa = PBXBuildFile; fileRef = 860873952110E73C004BDDBE /* Assets.xcassets */; };
		860873992110E73C004BDDBE /* LaunchScreen.storyboard in Resources */ = {isa = PBXBuildFile; fileRef = 860873972110E73C004BDDBE /* LaunchScreen.storyboard */; };
		860873A12110E76D004BDDBE /* todoListViewController.swift in Sources */ = {isa = PBXBuildFile; fileRef = 860873A02110E76D004BDDBE /* todoListViewController.swift */; };
/* End PBXBuildFile section */

/* Begin PBXFileReference section */
		860873882110E73B004BDDBE /* todoey1.app */ = {isa = PBXFileReference; explicitFileType = wrapper.application; includeInIndex = 0; path = todoey1.app; sourceTree = BUILT_PRODUCTS_DIR; };
		8608738B2110E73B004BDDBE /* AppDelegate.swift */ = {isa = PBXFileReference; lastKnownFileType = sourcecode.swift; path = AppDelegate.swift; sourceTree = "<group>"; };
		860873902110E73B004BDDBE /* Base */ = {isa = PBXFileReference; lastKnownFileType = file.storyboard; name = Base; path = Base.lproj/Main.storyboard; sourceTree = "<group>"; };
		860873932110E73B004BDDBE /* todoey1.xcdatamodel */ = {isa = PBXFileReference; lastKnownFileType = wrapper.xcdatamodel; path = todoey1.xcdatamodel; sourceTree = "<group>"; };
		860873952110E73C004BDDBE /* Assets.xcassets */ = {isa = PBXFileReference; lastKnownFileType = folder.assetcatalog; path = Assets.xcassets; sourceTree = "<group>"; };
		860873982110E73C004BDDBE /* Base */ = {isa = PBXFileReference; lastKnownFileType = file.storyboard; name = Base; path = Base.lproj/LaunchScreen.storyboard; sourceTree = "<group>"; };
		8608739A2110E73C004BDDBE /* Info.plist */ = {isa = PBXFileReference; lastKnownFileType = text.plist.xml; path = Info.plist; sourceTree = "<group>"; };
		860873A02110E76D004BDDBE /* todoListViewController.swift */ = {isa = PBXFileReference; lastKnownFileType = sourcecode.swift; path = todoListViewController.swift; sourceTree = "<group>"; };
/* End PBXFileReference section */

/* Begin PBXFrameworksBuildPhase section */
		860873852110E73B004BDDBE /* Frameworks */ = {
			isa = PBXFrameworksBuildPhase;
			buildActionMask = 2147483647;
			files = (
			);
			runOnlyForDeploymentPostprocessing = 0;
		};
/* End PBXFrameworksBuildPhase section */

/* Begin PBXGroup section */
		8608737F2110E73B004BDDBE = {
			isa = PBXGroup;
			children = (
				860873A02110E76D004BDDBE /* todoListViewController.swift */,
				8608738A2110E73B004BDDBE /* todoey1 */,
				860873892110E73B004BDDBE /* Products */,
			);
			sourceTree = "<group>";
		};
		860873892110E73B004BDDBE /* Products */ = {
			isa = PBXGroup;
			children = (
				860873882110E73B004BDDBE /* todoey1.app */,
			);
			name = Products;
			sourceTree = "<group>";
		};
		8608738A2110E73B004BDDBE /* todoey1 */ = {
			isa = PBXGroup;
			children = (
				8608738B2110E73B004BDDBE /* AppDelegate.swift */,
				8608738F2110E73B004BDDBE /* Main.storyboard */,
				860873952110E73C004BDDBE /* Assets.xcassets */,
				860873972110E73C004BDDBE /* LaunchScreen.storyboard */,
				8608739A2110E73C004BDDBE /* Info.plist */,
				860873922110E73B004BDDBE /* todoey1.xcdatamodeld */,
			);
			path = todoey1;
			sourceTree = "<group>";
		};
/* End PBXGroup section */

/* Begin PBXNativeTarget section */
		860873872110E73B004BDDBE /* todoey1 */ = {
			isa = PBXNativeTarget;
			buildConfigurationList = 8608739D2110E73C004BDDBE /* Build configuration list for PBXNativeTarget "todoey1" */;
			buildPhases = (
				860873842110E73B004BDDBE /* Sources */,
				860873852110E73B004BDDBE /* Frameworks */,
				860873862110E73B004BDDBE /* Resources */,
			);
			buildRules = (
			);
			dependencies = (
			);
			name = todoey1;
			productName = todoey1;
			productReference = 860873882110E73B004BDDBE /* todoey1.app */;
			productType = "com.apple.product-type.application";
		};
/* End PBXNativeTarget section */

/* Begin PBXProject section */
		860873802110E73B004BDDBE /* Project object */ = {
			isa = PBXProject;
			attributes = {
				LastSwiftUpdateCheck = 0940;
				LastUpgradeCheck = 0940;
				ORGANIZATIONNAME = "Asad Maqsood";
				TargetAttributes = {
					860873872110E73B004BDDBE = {
						CreatedOnToolsVersion = 9.4.1;
					};
				};
			};
			buildConfigurationList = 860873832110E73B004BDDBE /* Build configuration list for PBXProject "todoey1" */;
			compatibilityVersion = "Xcode 9.3";
			developmentRegion = en;
			hasScannedForEncodings = 0;
			knownRegions = (
				en,
				Base,
			);
			mainGroup = 8608737F2110E73B004BDDBE;
			productRefGroup = 860873892110E73B004BDDBE /* Products */;
			projectDirPath = "";
			projectRoot = "";
			targets = (
				860873872110E73B004BDDBE /* todoey1 */,
			);
		};
/* End PBXProject section */

/* Begin PBXResourcesBuildPhase section */
		860873862110E73B004BDDBE /* Resources */ = {
			isa = PBXResourcesBuildPhase;
			buildActionMask = 2147483647;
			files = (
				860873992110E73C004BDDBE /* LaunchScreen.storyboard in Resources */,
				860873962110E73C004BDDBE /* Assets.xcassets in Resources */,
				860873912110E73B004BDDBE /* Main.storyboard in Resources */,
			);
			runOnlyForDeploymentPostprocessing = 0;
		};
/* End PBXResourcesBuildPhase section */

/* Begin PBXSourcesBuildPhase section */
		860873842110E73B004BDDBE /* Sources */ = {
			isa = PBXSourcesBuildPhase;
			buildActionMask = 2147483647;
			files = (
				860873942110E73B004BDDBE /* todoey1.xcdatamodeld in Sources */,
				860873A12110E76D004BDDBE /* todoListViewController.swift in Sources */,
				8608738C2110E73B004BDDBE /* AppDelegate.swift in Sources */,
			);
			runOnlyForDeploymentPostprocessing = 0;
		};
/* End PBXSourcesBuildPhase section */

/* Begin PBXVariantGroup section */
		8608738F2110E73B004BDDBE /* Main.storyboard */ = {
			isa = PBXVariantGroup;
			children = (
				860873902110E73B004BDDBE /* Base */,
			);
			name = Main.storyboard;
			sourceTree = "<group>";
		};
		860873972110E73C004BDDBE /* LaunchScreen.storyboard */ = {
			isa = PBXVariantGroup;
			children = (
				860873982110E73C004BDDBE /* Base */,
			);
			name = LaunchScreen.storyboard;
			sourceTree = "<group>";
		};
/* End PBXVariantGroup section */

/* Begin XCBuildConfiguration section */
		8608739B2110E73C004BDDBE /* Debug */ = {
			isa = XCBuildConfiguration;
			buildSettings = {
				ALWAYS_SEARCH_USER_PATHS = NO;
				CLANG_ANALYZER_NONNULL = YES;
				CLANG_ANALYZER_NUMBER_OBJECT_CONVERSION = YES_AGGRESSIVE;
				CLANG_CXX_LANGUAGE_STANDARD = "gnu++14";
				CLANG_CXX_LIBRARY = "libc++";
				CLANG_ENABLE_MODULES = YES;
				CLANG_ENABLE_OBJC_ARC = YES;
				CLANG_ENABLE_OBJC_WEAK = YES;
				CLANG_WARN_BLOCK_CAPTURE_AUTORELEASING = YES;
				CLANG_WARN_BOOL_CONVERSION = YES;
				CLANG_WARN_COMMA = YES;
				CLANG_WARN_CONSTANT_CONVERSION = YES;
				CLANG_WARN_DEPRECATED_OBJC_IMPLEMENTATIONS = YES;
				CLANG_WARN_DIRECT_OBJC_ISA_USAGE = YES_ERROR;
				CLANG_WARN_DOCUMENTATION_COMMENTS = YES;
				CLANG_WARN_EMPTY_BODY = YES;
				CLANG_WARN_ENUM_CONVERSION = YES;
				CLANG_WARN_INFINITE_RECURSION = YES;
				CLANG_WARN_INT_CONVERSION = YES;
				CLANG_WARN_NON_LITERAL_NULL_CONVERSION = YES;
				CLANG_WARN_OBJC_IMPLICIT_RETAIN_SELF = YES;
				CLANG_WARN_OBJC_LITERAL_CONVERSION = YES;
				CLANG_WARN_OBJC_ROOT_CLASS = YES_ERROR;
				CLANG_WARN_RANGE_LOOP_ANALYSIS = YES;
				CLANG_WARN_STRICT_PROTOTYPES = YES;
				CLANG_WARN_SUSPICIOUS_MOVE = YES;
				CLANG_WARN_UNGUARDED_AVAILABILITY = YES_AGGRESSIVE;
				CLANG_WARN_UNREACHABLE_CODE = YES;
				CLANG_WARN__DUPLICATE_METHOD_MATCH = YES;
				CODE_SIGN_IDENTITY = "iPhone Developer";
				COPY_PHASE_STRIP = NO;
				DEBUG_INFORMATION_FORMAT = dwarf;
				ENABLE_STRICT_OBJC_MSGSEND = YES;
				ENABLE_TESTABILITY = YES;
				GCC_C_LANGUAGE_STANDARD = gnu11;
				GCC_DYNAMIC_NO_PIC = NO;
				GCC_NO_COMMON_BLOCKS = YES;
				GCC_OPTIMIZATION_LEVEL = 0;
				GCC_PREPROCESSOR_DEFINITIONS = (
					"DEBUG=1",
					"$(inherited)",
				);
				GCC_WARN_64_TO_32_BIT_CONVERSION = YES;
				GCC_WARN_ABOUT_RETURN_TYPE = YES_ERROR;
				GCC_WARN_UNDECLARED_SELECTOR = YES;
				GCC_WARN_UNINITIALIZED_AUTOS = YES_AGGRESSIVE;
				GCC_WARN_UNUSED_FUNCTION = YES;
				GCC_WARN_UNUSED_VARIABLE = YES;
				IPHONEOS_DEPLOYMENT_TARGET = 11.4;
				MTL_ENABLE_DEBUG_INFO = YES;
				ONLY_ACTIVE_ARCH = YES;
				SDKROOT = iphoneos;
				SWIFT_ACTIVE_COMPILATION_CONDITIONS = DEBUG;
				SWIFT_OPTIMIZATION_LEVEL = "-Onone";
			};
			name = Debug;
		};
		8608739C2110E73C004BDDBE /* Release */ = {
			isa = XCBuildConfiguration;
			buildSettings = {
				ALWAYS_SEARCH_USER_PATHS = NO;
				CLANG_ANALYZER_NONNULL = YES;
				CLANG_ANALYZER_NUMBER_OBJECT_CONVERSION = YES_AGGRESSIVE;
				CLANG_CXX_LANGUAGE_STANDARD = "gnu++14";
				CLANG_CXX_LIBRARY = "libc++";
				CLANG_ENABLE_MODULES = YES;
				CLANG_ENABLE_OBJC_ARC = YES;
				CLANG_ENABLE_OBJC_WEAK = YES;
				CLANG_WARN_BLOCK_CAPTURE_AUTORELEASING = YES;
				CLANG_WARN_BOOL_CONVERSION = YES;
				CLANG_WARN_COMMA = YES;
				CLANG_WARN_CONSTANT_CONVERSION = YES;
				CLANG_WARN_DEPRECATED_OBJC_IMPLEMENTATIONS = YES;
				CLANG_WARN_DIRECT_OBJC_ISA_USAGE = YES_ERROR;
				CLANG_WARN_DOCUMENTATION_COMMENTS = YES;
				CLANG_WARN_EMPTY_BODY = YES;
				CLANG_WARN_ENUM_CONVERSION = YES;
				CLANG_WARN_INFINITE_RECURSION = YES;
				CLANG_WARN_INT_CONVERSION = YES;
				CLANG_WARN_NON_LITERAL_NULL_CONVERSION = YES;
				CLANG_WARN_OBJC_IMPLICIT_RETAIN_SELF = YES;
				CLANG_WARN_OBJC_LITERAL_CONVERSION = YES;
				CLANG_WARN_OBJC_ROOT_CLASS = YES_ERROR;
				CLANG_WARN_RANGE_LOOP_ANALYSIS = YES;
				CLANG_WARN_STRICT_PROTOTYPES = YES;
				CLANG_WARN_SUSPICIOUS_MOVE = YES;
				CLANG_WARN_UNGUARDED_AVAILABILITY = YES_AGGRESSIVE;
				CLANG_WARN_UNREACHABLE_CODE = YES;
				CLANG_WARN__DUPLICATE_METHOD_MATCH = YES;
				CODE_SIGN_IDENTITY = "iPhone Developer";
				COPY_PHASE_STRIP = NO;
				DEBUG_INFORMATION_FORMAT = "dwarf-with-dsym";
				ENABLE_NS_ASSERTIONS = NO;
				ENABLE_STRICT_OBJC_MSGSEND = YES;
				GCC_C_LANGUAGE_STANDARD = gnu11;
				GCC_NO_COMMON_BLOCKS = YES;
				GCC_WARN_64_TO_32_BIT_CONVERSION = YES;
				GCC_WARN_ABOUT_RETURN_TYPE = YES_ERROR;
				GCC_WARN_UNDECLARED_SELECTOR = YES;
				GCC_WARN_UNINITIALIZED_AUTOS = YES_AGGRESSIVE;
				GCC_WARN_UNUSED_FUNCTION = YES;
				GCC_WARN_UNUSED_VARIABLE = YES;
				IPHONEOS_DEPLOYMENT_TARGET = 11.4;
				MTL_ENABLE_DEBUG_INFO = NO;
				SDKROOT = iphoneos;
				SWIFT_COMPILATION_MODE = wholemodule;
				SWIFT_OPTIMIZATION_LEVEL = "-O";
				VALIDATE_PRODUCT = YES;
			};
			name = Release;
		};
		8608739E2110E73C004BDDBE /* Debug */ = {
			isa = XCBuildConfiguration;
			buildSettings = {
				ASSETCATALOG_COMPILER_APPICON_NAME = AppIcon;
				CODE_SIGN_STYLE = Automatic;
				DEVELOPMENT_TEAM = CH76E3BJGU;
				INFOPLIST_FILE = todoey1/Info.plist;
				LD_RUNPATH_SEARCH_PATHS = (
					"$(inherited)",
					"@executable_path/Frameworks",
				);
				PRODUCT_BUNDLE_IDENTIFIER = "com.Asad-Maqsood.todoey1";
				PRODUCT_NAME = "$(TARGET_NAME)";
				SWIFT_VERSION = 4.0;
				TARGETED_DEVICE_FAMILY = "1,2";
			};
			name = Debug;
		};
		8608739F2110E73C004BDDBE /* Release */ = {
			isa = XCBuildConfiguration;
			buildSettings = {
				ASSETCATALOG_COMPILER_APPICON_NAME = AppIcon;
				CODE_SIGN_STYLE = Automatic;
				DEVELOPMENT_TEAM = CH76E3BJGU;
				INFOPLIST_FILE = todoey1/Info.plist;
				LD_RUNPATH_SEARCH_PATHS = (
					"$(inherited)",
					"@executable_path/Frameworks",
				);
				PRODUCT_BUNDLE_IDENTIFIER = "com.Asad-Maqsood.todoey1";
				PRODUCT_NAME = "$(TARGET_NAME)";
				SWIFT_VERSION = 4.0;
				TARGETED_DEVICE_FAMILY = "1,2";
			};
			name = Release;
		};
/* End XCBuildConfiguration section */

/* Begin XCConfigurationList section */
		860873832110E73B004BDDBE /* Build configuration list for PBXProject "todoey1" */ = {
			isa = XCConfigurationList;
			buildConfigurations = (
				8608739B2110E73C004BDDBE /* Debug */,
				8608739C2110E73C004BDDBE /* Release */,
			);
			defaultConfigurationIsVisible = 0;
			defaultConfigurationName = Release;
		};
		8608739D2110E73C004BDDBE /* Build configuration list for PBXNativeTarget "todoey1" */ = {
			isa = XCConfigurationList;
			buildConfigurations = (
				8608739E2110E73C004BDDBE /* Debug */,
				8608739F2110E73C004BDDBE /* Release */,
			);
			defaultConfigurationIsVisible = 0;
			defaultConfigurationName = Release;
		};
/* End XCConfigurationList section */

/* Begin XCVersionGroup section */
		860873922110E73B004BDDBE /* todoey1.xcdatamodeld */ = {
			isa = XCVersionGroup;
			children = (
				860873932110E73B004BDDBE /* todoey1.xcdatamodel */,
			);
			currentVersion = 860873932110E73B004BDDBE /* todoey1.xcdatamodel */;
			path = todoey1.xcdatamodeld;
			sourceTree = "<group>";
			versionGroupType = wrapper.xcdatamodel;
		};
/* End XCVersionGroup section */
	};
	rootObject = 860873802110E73B004BDDBE /* Project object */;
}
